<?xml version="1.0" encoding="utf-8"?>
<Project ToolsVersion="4.0" xmlns="http://schemas.microsoft.com/developer/msbuild/2003">
  <ItemGroup>
    <Filter Include="Source Files">
      <UniqueIdentifier>{4FC737F1-C7A5-4376-A066-2A32D752A2FF}</UniqueIdentifier>
      <Extensions>cpp;c;cc;cxx;c++;cppm;ixx;def;odl;idl;hpj;bat;asm;asmx</Extensions>
    </Filter>
    <Filter Include="Header Files">
      <UniqueIdentifier>{93995380-89BD-4b04-88EB-625FBE52EBFB}</UniqueIdentifier>
      <Extensions>h;hh;hpp;hxx;h++;hm;inl;inc;ipp;xsd</Extensions>
    </Filter>
    <Filter Include="Resource Files">
      <UniqueIdentifier>{67DA6AB6-F800-4c08-8B7A-83BB121AAD01}</UniqueIdentifier>
      <Extensions>rc;ico;cur;bmp;dlg;rc2;rct;bin;rgs;gif;jpg;jpeg;jpe;resx;tiff;tif;png;wav;mfcribbon-ms</Extensions>
    </Filter>
    <Filter Include="Header Files\Libs">
      <UniqueIdentifier>{f8a0df68-0341-468d-adf2-23c070311e79}</UniqueIdentifier>
    </Filter>
    <Filter Include="Header Files\Core">
      <UniqueIdentifier>{53d56a37-9fe4-4c96-9441-7bc3492787b9}</UniqueIdentifier>
    </Filter>
    <Filter Include="Header Files\Calculator">
      <UniqueIdentifier>{7a36c80d-6b6c-40e8-8ed4-6588502127cf}</UniqueIdentifier>
    </Filter>
    <Filter Include="Header Files\Calculator\Methods">
      <UniqueIdentifier>{9a19c02e-7801-4817-866f-434ec7162952}</UniqueIdentifier>
    </Filter>
  </ItemGroup>
  <ItemGroup>
    <ClCompile Include="Calculator.cpp">
      <Filter>Source Files</Filter>
    </ClCompile>
  </ItemGroup>
  <ItemGroup>
    <ClInclude Include="clsUtil.h">
      <Filter>Header Files\Libs</Filter>
    </ClInclude>
    <ClInclude Include="clsInputValidate.h">
      <Filter>Header Files\Libs</Filter>
    </ClInclude>
    <ClInclude Include="clsDate.h">
      <Filter>Header Files\Libs</Filter>
    </ClInclude>
    <ClInclude Include="clsString.h">
      <Filter>Header Files\Libs</Filter>
    </ClInclude>
    <ClInclude Include="clsScreen.h">
      <Filter>Header Files\Core</Filter>
    </ClInclude>
    <ClInclude Include="clsCalculator.h">
      <Filter>Header Files\Core</Filter>
    </ClInclude>
    <ClInclude Include="clsConvertMathExpression.h">
      <Filter>Header Files\Calculator\Methods</Filter>
    </ClInclude>
    <ClInclude Include="clsCalculatePostfix.h">
      <Filter>Header Files\Calculator\Methods</Filter>
    </ClInclude>
    <ClInclude Include="clsMathErrors.h">
      <Filter>Header Files\Calculator\Methods</Filter>
    </ClInclude>
    <ClInclude Include="clsCalculatorManager.h">
      <Filter>Header Files\Calculator</Filter>
    </ClInclude>
  </ItemGroup>
</Project>